// !$*UTF8*$!
{
	archiveVersion = 1;
	classes = {
	};
	objectVersion = 56;
	objects = {

/* Begin PBXBuildFile section */
		BC5BA5E828E498530064E2E7 /* CourtneysAppApp.swift in Sources */ = {isa = PBXBuildFile; fileRef = BC5BA5E728E498530064E2E7 /* CourtneysAppApp.swift */; };
		BC5BA5EA28E498530064E2E7 /* ContentView.swift in Sources */ = {isa = PBXBuildFile; fileRef = BC5BA5E928E498530064E2E7 /* ContentView.swift */; };
		BC5BA5EC28E498540064E2E7 /* Assets.xcassets in Resources */ = {isa = PBXBuildFile; fileRef = BC5BA5EB28E498540064E2E7 /* Assets.xcassets */; };
		BC5BA5EF28E498540064E2E7 /* Preview Assets.xcassets in Resources */ = {isa = PBXBuildFile; fileRef = BC5BA5EE28E498540064E2E7 /* Preview Assets.xcassets */; };
		BC5BA5F928E498540064E2E7 /* CourtneysAppTests.swift in Sources */ = {isa = PBXBuildFile; fileRef = BC5BA5F828E498540064E2E7 /* CourtneysAppTests.swift */; };
		BC5BA60328E498540064E2E7 /* CourtneysAppUITests.swift in Sources */ = {isa = PBXBuildFile; fileRef = BC5BA60228E498540064E2E7 /* CourtneysAppUITests.swift */; };
		BC5BA60528E498540064E2E7 /* CourtneysAppUITestsLaunchTests.swift in Sources */ = {isa = PBXBuildFile; fileRef = BC5BA60428E498540064E2E7 /* CourtneysAppUITestsLaunchTests.swift */; };
/* End PBXBuildFile section */

/* Begin PBXContainerItemProxy section */
		BC5BA5F528E498540064E2E7 /* PBXContainerItemProxy */ = {
			isa = PBXContainerItemProxy;
			containerPortal = BC5BA5DC28E498520064E2E7 /* Project object */;
			proxyType = 1;
			remoteGlobalIDString = BC5BA5E328E498530064E2E7;
			remoteInfo = CourtneysApp;
		};
		BC5BA5FF28E498540064E2E7 /* PBXContainerItemProxy */ = {
			isa = PBXContainerItemProxy;
			containerPortal = BC5BA5DC28E498520064E2E7 /* Project object */;
			proxyType = 1;
			remoteGlobalIDString = BC5BA5E328E498530064E2E7;
			remoteInfo = CourtneysApp;
		};
/* End PBXContainerItemProxy section */

/* Begin PBXFileReference section */
		BC5BA5E428E498530064E2E7 /* CourtneysApp.app */ = {isa = PBXFileReference; explicitFileType = wrapper.application; includeInIndex = 0; path = CourtneysApp.app; sourceTree = BUILT_PRODUCTS_DIR; };
		BC5BA5E728E498530064E2E7 /* CourtneysAppApp.swift */ = {isa = PBXFileReference; lastKnownFileType = sourcecode.swift; path = CourtneysAppApp.swift; sourceTree = "<group>"; };
		BC5BA5E928E498530064E2E7 /* ContentView.swift */ = {isa = PBXFileReference; lastKnownFileType = sourcecode.swift; path = ContentView.swift; sourceTree = "<group>"; };
		BC5BA5EB28E498540064E2E7 /* Assets.xcassets */ = {isa = PBXFileReference; lastKnownFileType = folder.assetcatalog; path = Assets.xcassets; sourceTree = "<group>"; };
		BC5BA5EE28E498540064E2E7 /* Preview Assets.xcassets */ = {isa = PBXFileReference; lastKnownFileType = folder.assetcatalog; path = "Preview Assets.xcassets"; sourceTree = "<group>"; };
		BC5BA5F428E498540064E2E7 /* CourtneysAppTests.xctest */ = {isa = PBXFileReference; explicitFileType = wrapper.cfbundle; includeInIndex = 0; path = CourtneysAppTests.xctest; sourceTree = BUILT_PRODUCTS_DIR; };
		BC5BA5F828E498540064E2E7 /* CourtneysAppTests.swift */ = {isa = PBXFileReference; lastKnownFileType = sourcecode.swift; path = CourtneysAppTests.swift; sourceTree = "<group>"; };
		BC5BA5FE28E498540064E2E7 /* CourtneysAppUITests.xctest */ = {isa = PBXFileReference; explicitFileType = wrapper.cfbundle; includeInIndex = 0; path = CourtneysAppUITests.xctest; sourceTree = BUILT_PRODUCTS_DIR; };
		BC5BA60228E498540064E2E7 /* CourtneysAppUITests.swift */ = {isa = PBXFileReference; lastKnownFileType = sourcecode.swift; path = CourtneysAppUITests.swift; sourceTree = "<group>"; };
		BC5BA60428E498540064E2E7 /* CourtneysAppUITestsLaunchTests.swift */ = {isa = PBXFileReference; lastKnownFileType = sourcecode.swift; path = CourtneysAppUITestsLaunchTests.swift; sourceTree = "<group>"; };
/* End PBXFileReference section */

/* Begin PBXFrameworksBuildPhase section */
		BC5BA5E128E498530064E2E7 /* Frameworks */ = {
			isa = PBXFrameworksBuildPhase;
			buildActionMask = 2147483647;
			files = (
			);
			runOnlyForDeploymentPostprocessing = 0;
		};
		BC5BA5F128E498540064E2E7 /* Frameworks */ = {
			isa = PBXFrameworksBuildPhase;
			buildActionMask = 2147483647;
			files = (
			);
			runOnlyForDeploymentPostprocessing = 0;
		};
		BC5BA5FB28E498540064E2E7 /* Frameworks */ = {
			isa = PBXFrameworksBuildPhase;
			buildActionMask = 2147483647;
			files = (
			);
			runOnlyForDeploymentPostprocessing = 0;
		};
/* End PBXFrameworksBuildPhase section */

/* Begin PBXGroup section */
		BC5BA5DB28E498520064E2E7 = {
			isa = PBXGroup;
			children = (
				BC5BA5E628E498530064E2E7 /* CourtneysApp */,
				BC5BA5F728E498540064E2E7 /* CourtneysAppTests */,
				BC5BA60128E498540064E2E7 /* CourtneysAppUITests */,
				BC5BA5E528E498530064E2E7 /* Products */,
			);
			sourceTree = "<group>";
		};
		BC5BA5E528E498530064E2E7 /* Products */ = {
			isa = PBXGroup;
			children = (
				BC5BA5E428E498530064E2E7 /* CourtneysApp.app */,
				BC5BA5F428E498540064E2E7 /* CourtneysAppTests.xctest */,
				BC5BA5FE28E498540064E2E7 /* CourtneysAppUITests.xctest */,
			);
			name = Products;
			sourceTree = "<group>";
		};
		BC5BA5E628E498530064E2E7 /* CourtneysApp */ = {
			isa = PBXGroup;
			children = (
				BC5BA5E728E498530064E2E7 /* CourtneysAppApp.swift */,
				BC5BA5E928E498530064E2E7 /* ContentView.swift */,
				BC5BA5EB28E498540064E2E7 /* Assets.xcassets */,
				BC5BA5ED28E498540064E2E7 /* Preview Content */,
			);
			path = CourtneysApp;
			sourceTree = "<group>";
		};
		BC5BA5ED28E498540064E2E7 /* Preview Content */ = {
			isa = PBXGroup;
			children = (
				BC5BA5EE28E498540064E2E7 /* Preview Assets.xcassets */,
			);
			path = "Preview Content";
			sourceTree = "<group>";
		};
		BC5BA5F728E498540064E2E7 /* CourtneysAppTests */ = {
			isa = PBXGroup;
			children = (
				BC5BA5F828E498540064E2E7 /* CourtneysAppTests.swift */,
			);
			path = CourtneysAppTests;
			sourceTree = "<group>";
		};
		BC5BA60128E498540064E2E7 /* CourtneysAppUITests */ = {
			isa = PBXGroup;
			children = (
				BC5BA60228E498540064E2E7 /* CourtneysAppUITests.swift */,
				BC5BA60428E498540064E2E7 /* CourtneysAppUITestsLaunchTests.swift */,
			);
			path = CourtneysAppUITests;
			sourceTree = "<group>";
		};
/* End PBXGroup section */

/* Begin PBXNativeTarget section */
		BC5BA5E328E498530064E2E7 /* CourtneysApp */ = {
			isa = PBXNativeTarget;
			buildConfigurationList = BC5BA60828E498540064E2E7 /* Build configuration list for PBXNativeTarget "CourtneysApp" */;
			buildPhases = (
				BC5BA5E028E498530064E2E7 /* Sources */,
				BC5BA5E128E498530064E2E7 /* Frameworks */,
				BC5BA5E228E498530064E2E7 /* Resources */,
			);
			buildRules = (
			);
			dependencies = (
			);
			name = CourtneysApp;
			productName = CourtneysApp;
			productReference = BC5BA5E428E498530064E2E7 /* CourtneysApp.app */;
			productType = "com.apple.product-type.application";
		};
		BC5BA5F328E498540064E2E7 /* CourtneysAppTests */ = {
			isa = PBXNativeTarget;
			buildConfigurationList = BC5BA60B28E498540064E2E7 /* Build configuration list for PBXNativeTarget "CourtneysAppTests" */;
			buildPhases = (
				BC5BA5F028E498540064E2E7 /* Sources */,
				BC5BA5F128E498540064E2E7 /* Frameworks */,
				BC5BA5F228E498540064E2E7 /* Resources */,
			);
			buildRules = (
			);
			dependencies = (
				BC5BA5F628E498540064E2E7 /* PBXTargetDependency */,
			);
			name = CourtneysAppTests;
			productName = CourtneysAppTests;
			productReference = BC5BA5F428E498540064E2E7 /* CourtneysAppTests.xctest */;
			productType = "com.apple.product-type.bundle.unit-test";
		};
		BC5BA5FD28E498540064E2E7 /* CourtneysAppUITests */ = {
			isa = PBXNativeTarget;
			buildConfigurationList = BC5BA60E28E498540064E2E7 /* Build configuration list for PBXNativeTarget "CourtneysAppUITests" */;
			buildPhases = (
				BC5BA5FA28E498540064E2E7 /* Sources */,
				BC5BA5FB28E498540064E2E7 /* Frameworks */,
				BC5BA5FC28E498540064E2E7 /* Resources */,
			);
			buildRules = (
			);
			dependencies = (
				BC5BA60028E498540064E2E7 /* PBXTargetDependency */,
			);
			name = CourtneysAppUITests;
			productName = CourtneysAppUITests;
			productReference = BC5BA5FE28E498540064E2E7 /* CourtneysAppUITests.xctest */;
			productType = "com.apple.product-type.bundle.ui-testing";
		};
/* End PBXNativeTarget section */

/* Begin PBXProject section */
		BC5BA5DC28E498520064E2E7 /* Project object */ = {
			isa = PBXProject;
			attributes = {
				BuildIndependentTargetsInParallel = 1;
				LastSwiftUpdateCheck = 1400;
				LastUpgradeCheck = 1400;
				TargetAttributes = {
					BC5BA5E328E498530064E2E7 = {
						CreatedOnToolsVersion = 14.0.1;
					};
					BC5BA5F328E498540064E2E7 = {
						CreatedOnToolsVersion = 14.0.1;
						TestTargetID = BC5BA5E328E498530064E2E7;
					};
					BC5BA5FD28E498540064E2E7 = {
						CreatedOnToolsVersion = 14.0.1;
						TestTargetID = BC5BA5E328E498530064E2E7;
					};
				};
			};
			buildConfigurationList = BC5BA5DF28E498520064E2E7 /* Build configuration list for PBXProject "CourtneysApp" */;
			compatibilityVersion = "Xcode 14.0";
			developmentRegion = en;
			hasScannedForEncodings = 0;
			knownRegions = (
				en,
				Base,
			);
			mainGroup = BC5BA5DB28E498520064E2E7;
			productRefGroup = BC5BA5E528E498530064E2E7 /* Products */;
			projectDirPath = "";
			projectRoot = "";
			targets = (
				BC5BA5E328E498530064E2E7 /* CourtneysApp */,
				BC5BA5F328E498540064E2E7 /* CourtneysAppTests */,
				BC5BA5FD28E498540064E2E7 /* CourtneysAppUITests */,
			);
		};
/* End PBXProject section */

/* Begin PBXResourcesBuildPhase section */
		BC5BA5E228E498530064E2E7 /* Resources */ = {
			isa = PBXResourcesBuildPhase;
			buildActionMask = 2147483647;
			files = (
				BC5BA5EF28E498540064E2E7 /* Preview Assets.xcassets in Resources */,
				BC5BA5EC28E498540064E2E7 /* Assets.xcassets in Resources */,
			);
			runOnlyForDeploymentPostprocessing = 0;
		};
		BC5BA5F228E498540064E2E7 /* Resources */ = {
			isa = PBXResourcesBuildPhase;
			buildActionMask = 2147483647;
			files = (
			);
			runOnlyForDeploymentPostprocessing = 0;
		};
		BC5BA5FC28E498540064E2E7 /* Resources */ = {
			isa = PBXResourcesBuildPhase;
			buildActionMask = 2147483647;
			files = (
			);
			runOnlyForDeploymentPostprocessing = 0;
		};
/* End PBXResourcesBuildPhase section */

/* Begin PBXSourcesBuildPhase section */
		BC5BA5E028E498530064E2E7 /* Sources */ = {
			isa = PBXSourcesBuildPhase;
			buildActionMask = 2147483647;
			files = (
				BC5BA5EA28E498530064E2E7 /* ContentView.swift in Sources */,
				BC5BA5E828E498530064E2E7 /* CourtneysAppApp.swift in Sources */,
			);
			runOnlyForDeploymentPostprocessing = 0;
		};
		BC5BA5F028E498540064E2E7 /* Sources */ = {
			isa = PBXSourcesBuildPhase;
			buildActionMask = 2147483647;
			files = (
				BC5BA5F928E498540064E2E7 /* CourtneysAppTests.swift in Sources */,
			);
			runOnlyForDeploymentPostprocessing = 0;
		};
		BC5BA5FA28E498540064E2E7 /* Sources */ = {
			isa = PBXSourcesBuildPhase;
			buildActionMask = 2147483647;
			files = (
				BC5BA60328E498540064E2E7 /* CourtneysAppUITests.swift in Sources */,
				BC5BA60528E498540064E2E7 /* CourtneysAppUITestsLaunchTests.swift in Sources */,
			);
			runOnlyForDeploymentPostprocessing = 0;
		};
/* End PBXSourcesBuildPhase section */

/* Begin PBXTargetDependency section */
		BC5BA5F628E498540064E2E7 /* PBXTargetDependency */ = {
			isa = PBXTargetDependency;
			target = BC5BA5E328E498530064E2E7 /* CourtneysApp */;
			targetProxy = BC5BA5F528E498540064E2E7 /* PBXContainerItemProxy */;
		};
		BC5BA60028E498540064E2E7 /* PBXTargetDependency */ = {
			isa = PBXTargetDependency;
			target = BC5BA5E328E498530064E2E7 /* CourtneysApp */;
			targetProxy = BC5BA5FF28E498540064E2E7 /* PBXContainerItemProxy */;
		};
/* End PBXTargetDependency section */

/* Begin XCBuildConfiguration section */
		BC5BA60628E498540064E2E7 /* Debug */ = {
			isa = XCBuildConfiguration;
			buildSettings = {
				ALWAYS_SEARCH_USER_PATHS = NO;
				CLANG_ANALYZER_NONNULL = YES;
				CLANG_ANALYZER_NUMBER_OBJECT_CONVERSION = YES_AGGRESSIVE;
				CLANG_CXX_LANGUAGE_STANDARD = "gnu++20";
				CLANG_ENABLE_MODULES = YES;
				CLANG_ENABLE_OBJC_ARC = YES;
				CLANG_ENABLE_OBJC_WEAK = YES;
				CLANG_WARN_BLOCK_CAPTURE_AUTORELEASING = YES;
				CLANG_WARN_BOOL_CONVERSION = YES;
				CLANG_WARN_COMMA = YES;
				CLANG_WARN_CONSTANT_CONVERSION = YES;
				CLANG_WARN_DEPRECATED_OBJC_IMPLEMENTATIONS = YES;
				CLANG_WARN_DIRECT_OBJC_ISA_USAGE = YES_ERROR;
				CLANG_WARN_DOCUMENTATION_COMMENTS = YES;
				CLANG_WARN_EMPTY_BODY = YES;
				CLANG_WARN_ENUM_CONVERSION = YES;
				CLANG_WARN_INFINITE_RECURSION = YES;
				CLANG_WARN_INT_CONVERSION = YES;
				CLANG_WARN_NON_LITERAL_NULL_CONVERSION = YES;
				CLANG_WARN_OBJC_IMPLICIT_RETAIN_SELF = YES;
				CLANG_WARN_OBJC_LITERAL_CONVERSION = YES;
				CLANG_WARN_OBJC_ROOT_CLASS = YES_ERROR;
				CLANG_WARN_QUOTED_INCLUDE_IN_FRAMEWORK_HEADER = YES;
				CLANG_WARN_RANGE_LOOP_ANALYSIS = YES;
				CLANG_WARN_STRICT_PROTOTYPES = YES;
				CLANG_WARN_SUSPICIOUS_MOVE = YES;
				CLANG_WARN_UNGUARDED_AVAILABILITY = YES_AGGRESSIVE;
				CLANG_WARN_UNREACHABLE_CODE = YES;
				CLANG_WARN__DUPLICATE_METHOD_MATCH = YES;
				COPY_PHASE_STRIP = NO;
				DEBUG_INFORMATION_FORMAT = dwarf;
				ENABLE_STRICT_OBJC_MSGSEND = YES;
				ENABLE_TESTABILITY = YES;
				GCC_C_LANGUAGE_STANDARD = gnu11;
				GCC_DYNAMIC_NO_PIC = NO;
				GCC_NO_COMMON_BLOCKS = YES;
				GCC_OPTIMIZATION_LEVEL = 0;
				GCC_PREPROCESSOR_DEFINITIONS = (
					"DEBUG=1",
					"$(inherited)",
				);
				GCC_WARN_64_TO_32_BIT_CONVERSION = YES;
				GCC_WARN_ABOUT_RETURN_TYPE = YES_ERROR;
				GCC_WARN_UNDECLARED_SELECTOR = YES;
				GCC_WARN_UNINITIALIZED_AUTOS = YES_AGGRESSIVE;
				GCC_WARN_UNUSED_FUNCTION = YES;
				GCC_WARN_UNUSED_VARIABLE = YES;
				IPHONEOS_DEPLOYMENT_TARGET = 16.0;
				MTL_ENABLE_DEBUG_INFO = INCLUDE_SOURCE;
				MTL_FAST_MATH = YES;
				ONLY_ACTIVE_ARCH = YES;
				SDKROOT = iphoneos;
				SWIFT_ACTIVE_COMPILATION_CONDITIONS = DEBUG;
				SWIFT_OPTIMIZATION_LEVEL = "-Onone";
			};
			name = Debug;
		};
		BC5BA60728E498540064E2E7 /* Release */ = {
			isa = XCBuildConfiguration;
			buildSettings = {
				ALWAYS_SEARCH_USER_PATHS = NO;
				CLANG_ANALYZER_NONNULL = YES;
				CLANG_ANALYZER_NUMBER_OBJECT_CONVERSION = YES_AGGRESSIVE;
				CLANG_CXX_LANGUAGE_STANDARD = "gnu++20";
				CLANG_ENABLE_MODULES = YES;
				CLANG_ENABLE_OBJC_ARC = YES;
				CLANG_ENABLE_OBJC_WEAK = YES;
				CLANG_WARN_BLOCK_CAPTURE_AUTORELEASING = YES;
				CLANG_WARN_BOOL_CONVERSION = YES;
				CLANG_WARN_COMMA = YES;
				CLANG_WARN_CONSTANT_CONVERSION = YES;
				CLANG_WARN_DEPRECATED_OBJC_IMPLEMENTATIONS = YES;
				CLANG_WARN_DIRECT_OBJC_ISA_USAGE = YES_ERROR;
				CLANG_WARN_DOCUMENTATION_COMMENTS = YES;
				CLANG_WARN_EMPTY_BODY = YES;
				CLANG_WARN_ENUM_CONVERSION = YES;
				CLANG_WARN_INFINITE_RECURSION = YES;
				CLANG_WARN_INT_CONVERSION = YES;
				CLANG_WARN_NON_LITERAL_NULL_CONVERSION = YES;
				CLANG_WARN_OBJC_IMPLICIT_RETAIN_SELF = YES;
				CLANG_WARN_OBJC_LITERAL_CONVERSION = YES;
				CLANG_WARN_OBJC_ROOT_CLASS = YES_ERROR;
				CLANG_WARN_QUOTED_INCLUDE_IN_FRAMEWORK_HEADER = YES;
				CLANG_WARN_RANGE_LOOP_ANALYSIS = YES;
				CLANG_WARN_STRICT_PROTOTYPES = YES;
				CLANG_WARN_SUSPICIOUS_MOVE = YES;
				CLANG_WARN_UNGUARDED_AVAILABILITY = YES_AGGRESSIVE;
				CLANG_WARN_UNREACHABLE_CODE = YES;
				CLANG_WARN__DUPLICATE_METHOD_MATCH = YES;
				COPY_PHASE_STRIP = NO;
				DEBUG_INFORMATION_FORMAT = "dwarf-with-dsym";
				ENABLE_NS_ASSERTIONS = NO;
				ENABLE_STRICT_OBJC_MSGSEND = YES;
				GCC_C_LANGUAGE_STANDARD = gnu11;
				GCC_NO_COMMON_BLOCKS = YES;
				GCC_WARN_64_TO_32_BIT_CONVERSION = YES;
				GCC_WARN_ABOUT_RETURN_TYPE = YES_ERROR;
				GCC_WARN_UNDECLARED_SELECTOR = YES;
				GCC_WARN_UNINITIALIZED_AUTOS = YES_AGGRESSIVE;
				GCC_WARN_UNUSED_FUNCTION = YES;
				GCC_WARN_UNUSED_VARIABLE = YES;
				IPHONEOS_DEPLOYMENT_TARGET = 16.0;
				MTL_ENABLE_DEBUG_INFO = NO;
				MTL_FAST_MATH = YES;
				SDKROOT = iphoneos;
				SWIFT_COMPILATION_MODE = wholemodule;
				SWIFT_OPTIMIZATION_LEVEL = "-O";
				VALIDATE_PRODUCT = YES;
			};
			name = Release;
		};
		BC5BA60928E498540064E2E7 /* Debug */ = {
			isa = XCBuildConfiguration;
			buildSettings = {
				ASSETCATALOG_COMPILER_APPICON_NAME = AppIcon;
				ASSETCATALOG_COMPILER_GLOBAL_ACCENT_COLOR_NAME = AccentColor;
				CODE_SIGN_STYLE = Automatic;
				CURRENT_PROJECT_VERSION = 1;
				DEVELOPMENT_ASSET_PATHS = "\"CourtneysApp/Preview Content\"";
				ENABLE_PREVIEWS = YES;
				GENERATE_INFOPLIST_FILE = YES;
				INFOPLIST_KEY_UIApplicationSceneManifest_Generation = YES;
				INFOPLIST_KEY_UIApplicationSupportsIndirectInputEvents = YES;
				INFOPLIST_KEY_UILaunchScreen_Generation = YES;
				INFOPLIST_KEY_UISupportedInterfaceOrientations_iPad = "UIInterfaceOrientationPortrait UIInterfaceOrientationPortraitUpsideDown UIInterfaceOrientationLandscapeLeft UIInterfaceOrientationLandscapeRight";
				INFOPLIST_KEY_UISupportedInterfaceOrientations_iPhone = "UIInterfaceOrientationPortrait UIInterfaceOrientationLandscapeLeft UIInterfaceOrientationLandscapeRight";
				LD_RUNPATH_SEARCH_PATHS = (
					"$(inherited)",
					"@executable_path/Frameworks",
				);
				MARKETING_VERSION = 1.0;
				PRODUCT_BUNDLE_IDENTIFIER = cperrea1.CourtneysApp;
				PRODUCT_NAME = "$(TARGET_NAME)";
				SWIFT_EMIT_LOC_STRINGS = YES;
				SWIFT_VERSION = 5.0;
				TARGETED_DEVICE_FAMILY = "1,2";
			};
			name = Debug;
		};
		BC5BA60A28E498540064E2E7 /* Release */ = {
			isa = XCBuildConfiguration;
			buildSettings = {
				ASSETCATALOG_COMPILER_APPICON_NAME = AppIcon;
				ASSETCATALOG_COMPILER_GLOBAL_ACCENT_COLOR_NAME = AccentColor;
				CODE_SIGN_STYLE = Automatic;
				CURRENT_PROJECT_VERSION = 1;
				DEVELOPMENT_ASSET_PATHS = "\"CourtneysApp/Preview Content\"";
				ENABLE_PREVIEWS = YES;
				GENERATE_INFOPLIST_FILE = YES;
				INFOPLIST_KEY_UIApplicationSceneManifest_Generation = YES;
				INFOPLIST_KEY_UIApplicationSupportsIndirectInputEvents = YES;
				INFOPLIST_KEY_UILaunchScreen_Generation = YES;
				INFOPLIST_KEY_UISupportedInterfaceOrientations_iPad = "UIInterfaceOrientationPortrait UIInterfaceOrientationPortraitUpsideDown UIInterfaceOrientationLandscapeLeft UIInterfaceOrientationLandscapeRight";
				INFOPLIST_KEY_UISupportedInterfaceOrientations_iPhone = "UIInterfaceOrientationPortrait UIInterfaceOrientationLandscapeLeft UIInterfaceOrientationLandscapeRight";
				LD_RUNPATH_SEARCH_PATHS = (
					"$(inherited)",
					"@executable_path/Frameworks",
				);
				MARKETING_VERSION = 1.0;
				PRODUCT_BUNDLE_IDENTIFIER = cperrea1.CourtneysApp;
				PRODUCT_NAME = "$(TARGET_NAME)";
				SWIFT_EMIT_LOC_STRINGS = YES;
				SWIFT_VERSION = 5.0;
				TARGETED_DEVICE_FAMILY = "1,2";
			};
			name = Release;
		};
		BC5BA60C28E498540064E2E7 /* Debug */ = {
			isa = XCBuildConfiguration;
			buildSettings = {
				ALWAYS_EMBED_SWIFT_STANDARD_LIBRARIES = YES;
				BUNDLE_LOADER = "$(TEST_HOST)";
				CODE_SIGN_STYLE = Automatic;
				CURRENT_PROJECT_VERSION = 1;
				GENERATE_INFOPLIST_FILE = YES;
				IPHONEOS_DEPLOYMENT_TARGET = 16.0;
				MARKETING_VERSION = 1.0;
				PRODUCT_BUNDLE_IDENTIFIER = cperrea1.CourtneysAppTests;
				PRODUCT_NAME = "$(TARGET_NAME)";
				SWIFT_EMIT_LOC_STRINGS = NO;
				SWIFT_VERSION = 5.0;
				TARGETED_DEVICE_FAMILY = "1,2";
				TEST_HOST = "$(BUILT_PRODUCTS_DIR)/CourtneysApp.app/$(BUNDLE_EXECUTABLE_FOLDER_PATH)/CourtneysApp";
			};
			name = Debug;
		};
		BC5BA60D28E498540064E2E7 /* Release */ = {
			isa = XCBuildConfiguration;
			buildSettings = {
				ALWAYS_EMBED_SWIFT_STANDARD_LIBRARIES = YES;
				BUNDLE_LOADER = "$(TEST_HOST)";
				CODE_SIGN_STYLE = Automatic;
				CURRENT_PROJECT_VERSION = 1;
				GENERATE_INFOPLIST_FILE = YES;
				IPHONEOS_DEPLOYMENT_TARGET = 16.0;
				MARKETING_VERSION = 1.0;
				PRODUCT_BUNDLE_IDENTIFIER = cperrea1.CourtneysAppTests;
				PRODUCT_NAME = "$(TARGET_NAME)";
				SWIFT_EMIT_LOC_STRINGS = NO;
				SWIFT_VERSION = 5.0;
				TARGETED_DEVICE_FAMILY = "1,2";
				TEST_HOST = "$(BUILT_PRODUCTS_DIR)/CourtneysApp.app/$(BUNDLE_EXECUTABLE_FOLDER_PATH)/CourtneysApp";
			};
			name = Release;
		};
		BC5BA60F28E498540064E2E7 /* Debug */ = {
			isa = XCBuildConfiguration;
			buildSettings = {
				ALWAYS_EMBED_SWIFT_STANDARD_LIBRARIES = YES;
				CODE_SIGN_STYLE = Automatic;
				CURRENT_PROJECT_VERSION = 1;
				GENERATE_INFOPLIST_FILE = YES;
				MARKETING_VERSION = 1.0;
				PRODUCT_BUNDLE_IDENTIFIER = cperrea1.CourtneysAppUITests;
				PRODUCT_NAME = "$(TARGET_NAME)";
				SWIFT_EMIT_LOC_STRINGS = NO;
				SWIFT_VERSION = 5.0;
				TARGETED_DEVICE_FAMILY = "1,2";
				TEST_TARGET_NAME = CourtneysApp;
			};
			name = Debug;
		};
		BC5BA61028E498540064E2E7 /* Release */ = {
			isa = XCBuildConfiguration;
			buildSettings = {
				ALWAYS_EMBED_SWIFT_STANDARD_LIBRARIES = YES;
				CODE_SIGN_STYLE = Automatic;
				CURRENT_PROJECT_VERSION = 1;
				GENERATE_INFOPLIST_FILE = YES;
				MARKETING_VERSION = 1.0;
				PRODUCT_BUNDLE_IDENTIFIER = cperrea1.CourtneysAppUITests;
				PRODUCT_NAME = "$(TARGET_NAME)";
				SWIFT_EMIT_LOC_STRINGS = NO;
				SWIFT_VERSION = 5.0;
				TARGETED_DEVICE_FAMILY = "1,2";
				TEST_TARGET_NAME = CourtneysApp;
			};
			name = Release;
		};
/* End XCBuildConfiguration section */

/* Begin XCConfigurationList section */
		BC5BA5DF28E498520064E2E7 /* Build configuration list for PBXProject "CourtneysApp" */ = {
			isa = XCConfigurationList;
			buildConfigurations = (
				BC5BA60628E498540064E2E7 /* Debug */,
				BC5BA60728E498540064E2E7 /* Release */,
			);
			defaultConfigurationIsVisible = 0;
			defaultConfigurationName = Release;
		};
		BC5BA60828E498540064E2E7 /* Build configuration list for PBXNativeTarget "CourtneysApp" */ = {
			isa = XCConfigurationList;
			buildConfigurations = (
				BC5BA60928E498540064E2E7 /* Debug */,
				BC5BA60A28E498540064E2E7 /* Release */,
			);
			defaultConfigurationIsVisible = 0;
			defaultConfigurationName = Release;
		};
		BC5BA60B28E498540064E2E7 /* Build configuration list for PBXNativeTarget "CourtneysAppTests" */ = {
			isa = XCConfigurationList;
			buildConfigurations = (
				BC5BA60C28E498540064E2E7 /* Debug */,
				BC5BA60D28E498540064E2E7 /* Release */,
			);
			defaultConfigurationIsVisible = 0;
			defaultConfigurationName = Release;
		};
		BC5BA60E28E498540064E2E7 /* Build configuration list for PBXNativeTarget "CourtneysAppUITests" */ = {
			isa = XCConfigurationList;
			buildConfigurations = (
				BC5BA60F28E498540064E2E7 /* Debug */,
				BC5BA61028E498540064E2E7 /* Release */,
			);
			defaultConfigurationIsVisible = 0;
			defaultConfigurationName = Release;
		};
/* End XCConfigurationList section */
	};
	rootObject = BC5BA5DC28E498520064E2E7 /* Project object */;
}
